
Microsoft Visual Studio Solution File, Format Version 12.00
# Visual Studio Version 17
VisualStudioVersion = 17.12.35707.178 d17.12
MinimumVisualStudioVersion = 10.0.40219.1
Project("{FAE04EC0-301F-11D3-BF4B-00C04F79EFBC}") = "AnimateButtonsSample", "AnimateButtonsSample\AnimateButtonsSample.csproj", "{E1C01B9C-B61F-40C9-8B10-590FFC8E7555}"
EndProject
Global
	GlobalSection(SolutionConfigurationPlatforms) = preSolution
		Debug|Any CPU = Debug|Any CPU
		Release|Any CPU = Release|Any CPU
	EndGlobalSection
	GlobalSection(ProjectConfigurationPlatforms) = postSolution
		{E1C01B9C-B61F-40C9-8B10-590FFC8E7555}.Debug|Any CPU.ActiveCfg = Debug|Any CPU
		{E1C01B9C-B61F-40C9-8B10-590FFC8E7555}.Debug|Any CPU.Build.0 = Debug|Any CPU
		{E1C01B9C-B61F-40C9-8B10-590FFC8E7555}.Debug|Any CPU.Deploy.0 = Debug|Any CPU
		{E1C01B9C-B61F-40C9-8B10-590FFC8E7555}.Release|Any CPU.ActiveCfg = Release|Any CPU
		{E1C01B9C-B61F-40C9-8B10-590FFC8E7555}.Release|Any CPU.Build.0 = Release|Any CPU
		{E1C01B9C-B61F-40C9-8B10-590FFC8E7555}.Release|Any CPU.Deploy.0 = Release|Any CPU
	EndGlobalSection
	GlobalSection(SolutionProperties) = preSolution
		HideSolutionNode = FALSE
	EndGlobalSection
EndGlobal
